PODS:
  - AFNetworking (2.0.3):
    - AFNetworking/NSURLConnection
    - AFNetworking/NSURLSession
    - AFNetworking/Reachability
    - AFNetworking/Security
    - AFNetworking/Serialization
    - AFNetworking/UIKit
  - AFNetworking/NSURLConnection (2.0.3):
    - AFNetworking/Reachability
    - AFNetworking/Security
    - AFNetworking/Serialization
  - AFNetworking/NSURLSession (2.0.3):
    - AFNetworking/NSURLConnection
  - AFNetworking/Reachability (2.0.3)
  - AFNetworking/Security (2.0.3)
  - AFNetworking/Serialization (2.0.3)
  - AFNetworking/UIKit (2.0.3):
    - AFNetworking/NSURLConnection
  - MagicalRecord (2.2)
  - TestFlightSDK (2.1.1-beta)

DEPENDENCIES:
  - AFNetworking
  - MagicalRecord
  - TestFlightSDK

SPEC CHECKSUMS:
  AFNetworking: e499052cbf3d743e9bb727bb37adb9dc2547ba15
  MagicalRecord: b1fc46c99a9749fe7fe7e6f43a89b62ef5201933
  TestFlightSDK: dea28c16f0bf65c49c4ed8939b2ae0b0ed9bf8b0

COCOAPODS: 0.28.0
