// !$*UTF8*$!
{
	archiveVersion = 1;
	classes = {
	};
	objectVersion = 46;
	objects = {

/* Begin PBXBuildFile section */
		463028B31889EF4B00C520B9 /* Foundation.framework in Frameworks */ = {isa = PBXBuildFile; fileRef = 463028B21889EF4B00C520B9 /* Foundation.framework */; };
		463028B51889EF4B00C520B9 /* CoreGraphics.framework in Frameworks */ = {isa = PBXBuildFile; fileRef = 463028B41889EF4B00C520B9 /* CoreGraphics.framework */; };
		463028B71889EF4B00C520B9 /* UIKit.framework in Frameworks */ = {isa = PBXBuildFile; fileRef = 463028B61889EF4B00C520B9 /* UIKit.framework */; };
		463028B91889EF4B00C520B9 /* CoreData.framework in Frameworks */ = {isa = PBXBuildFile; fileRef = 463028B81889EF4B00C520B9 /* CoreData.framework */; };
		463028BF1889EF4B00C520B9 /* InfoPlist.strings in Resources */ = {isa = PBXBuildFile; fileRef = 463028BD1889EF4B00C520B9 /* InfoPlist.strings */; };
		463028C11889EF4B00C520B9 /* main.m in Sources */ = {isa = PBXBuildFile; fileRef = 463028C01889EF4B00C520B9 /* main.m */; };
		463028C51889EF4B00C520B9 /* JGAppDelegate.m in Sources */ = {isa = PBXBuildFile; fileRef = 463028C41889EF4B00C520B9 /* JGAppDelegate.m */; };
		463028C81889EF4B00C520B9 /* ynnuS.xcdatamodeld in Sources */ = {isa = PBXBuildFile; fileRef = 463028C61889EF4B00C520B9 /* ynnuS.xcdatamodeld */; };
		463028D11889EF4B00C520B9 /* XCTest.framework in Frameworks */ = {isa = PBXBuildFile; fileRef = 463028D01889EF4B00C520B9 /* XCTest.framework */; };
		463028D21889EF4B00C520B9 /* Foundation.framework in Frameworks */ = {isa = PBXBuildFile; fileRef = 463028B21889EF4B00C520B9 /* Foundation.framework */; };
		463028D31889EF4B00C520B9 /* UIKit.framework in Frameworks */ = {isa = PBXBuildFile; fileRef = 463028B61889EF4B00C520B9 /* UIKit.framework */; };
		463028D41889EF4B00C520B9 /* CoreData.framework in Frameworks */ = {isa = PBXBuildFile; fileRef = 463028B81889EF4B00C520B9 /* CoreData.framework */; };
		463028DC1889EF4B00C520B9 /* InfoPlist.strings in Resources */ = {isa = PBXBuildFile; fileRef = 463028DA1889EF4B00C520B9 /* InfoPlist.strings */; };
		463028DE1889EF4B00C520B9 /* ynnuSTests.m in Sources */ = {isa = PBXBuildFile; fileRef = 463028DD1889EF4B00C520B9 /* ynnuSTests.m */; };
		463028E91889F00600C520B9 /* Sound.m in Sources */ = {isa = PBXBuildFile; fileRef = 463028E81889F00600C520B9 /* Sound.m */; };
		463028EA1889F00600C520B9 /* Sound.m in Sources */ = {isa = PBXBuildFile; fileRef = 463028E81889F00600C520B9 /* Sound.m */; };
		463028F01889F20900C520B9 /* RootNavigationViewController.m in Sources */ = {isa = PBXBuildFile; fileRef = 463028ED1889F20900C520B9 /* RootNavigationViewController.m */; };
		463028F11889F20900C520B9 /* RootNavigationViewController.m in Sources */ = {isa = PBXBuildFile; fileRef = 463028ED1889F20900C520B9 /* RootNavigationViewController.m */; };
		463028F21889F20900C520B9 /* SoundsListTableViewController.m in Sources */ = {isa = PBXBuildFile; fileRef = 463028EF1889F20900C520B9 /* SoundsListTableViewController.m */; };
		463028F31889F20900C520B9 /* SoundsListTableViewController.m in Sources */ = {isa = PBXBuildFile; fileRef = 463028EF1889F20900C520B9 /* SoundsListTableViewController.m */; };
		463028FC1889F75900C520B9 /* EmptySoundsCell.m in Sources */ = {isa = PBXBuildFile; fileRef = 463028FB1889F75900C520B9 /* EmptySoundsCell.m */; };
		463028FD1889F75900C520B9 /* EmptySoundsCell.m in Sources */ = {isa = PBXBuildFile; fileRef = 463028FB1889F75900C520B9 /* EmptySoundsCell.m */; };
		4650C968188F4368009CA1C0 /* Record.storyboard in Resources */ = {isa = PBXBuildFile; fileRef = 4650C967188F4368009CA1C0 /* Record.storyboard */; };
		4650C969188F4368009CA1C0 /* Record.storyboard in Resources */ = {isa = PBXBuildFile; fileRef = 4650C967188F4368009CA1C0 /* Record.storyboard */; };
		4650C96F188F43F1009CA1C0 /* RecordSoundViewController.m in Sources */ = {isa = PBXBuildFile; fileRef = 4650C96C188F43F1009CA1C0 /* RecordSoundViewController.m */; };
		4650C970188F43F1009CA1C0 /* RecordSoundViewController.m in Sources */ = {isa = PBXBuildFile; fileRef = 4650C96C188F43F1009CA1C0 /* RecordSoundViewController.m */; };
		4650C975188F45EA009CA1C0 /* Globals.m in Sources */ = {isa = PBXBuildFile; fileRef = 4650C974188F45EA009CA1C0 /* Globals.m */; };
		4650C976188F45EA009CA1C0 /* Globals.m in Sources */ = {isa = PBXBuildFile; fileRef = 4650C974188F45EA009CA1C0 /* Globals.m */; };
		4650C979188F551F009CA1C0 /* SoundListCell.m in Sources */ = {isa = PBXBuildFile; fileRef = 4650C978188F551F009CA1C0 /* SoundListCell.m */; };
		4650C97A188F551F009CA1C0 /* SoundListCell.m in Sources */ = {isa = PBXBuildFile; fileRef = 4650C978188F551F009CA1C0 /* SoundListCell.m */; };
		4650C97C188F5534009CA1C0 /* SoundListCell.xib in Resources */ = {isa = PBXBuildFile; fileRef = 4650C97B188F5534009CA1C0 /* SoundListCell.xib */; };
		4650C97D188F5534009CA1C0 /* SoundListCell.xib in Resources */ = {isa = PBXBuildFile; fileRef = 4650C97B188F5534009CA1C0 /* SoundListCell.xib */; };
		4650C980188F5DD3009CA1C0 /* PlaySoundViewController.m in Sources */ = {isa = PBXBuildFile; fileRef = 4650C97F188F5DD3009CA1C0 /* PlaySoundViewController.m */; };
		4650C981188F5DD3009CA1C0 /* PlaySoundViewController.m in Sources */ = {isa = PBXBuildFile; fileRef = 4650C97F188F5DD3009CA1C0 /* PlaySoundViewController.m */; };
		4650C984188F5E0B009CA1C0 /* Play.storyboard in Resources */ = {isa = PBXBuildFile; fileRef = 4650C983188F5E0B009CA1C0 /* Play.storyboard */; };
		4650C985188F5E0B009CA1C0 /* Play.storyboard in Resources */ = {isa = PBXBuildFile; fileRef = 4650C983188F5E0B009CA1C0 /* Play.storyboard */; };
		4677D95718924EF2009C6A12 /* NavBarLogo.png in Resources */ = {isa = PBXBuildFile; fileRef = 4677D95518924EF2009C6A12 /* NavBarLogo.png */; };
		4677D95818924EF2009C6A12 /* NavBarLogo@2x.png in Resources */ = {isa = PBXBuildFile; fileRef = 4677D95618924EF2009C6A12 /* NavBarLogo@2x.png */; };
		468EF6391893752600F3D025 /* AppearanceViewController.m in Sources */ = {isa = PBXBuildFile; fileRef = 468EF6381893752600F3D025 /* AppearanceViewController.m */; };
		469567AB189298090085C0AF /* FDWaveformView.m in Sources */ = {isa = PBXBuildFile; fileRef = 469567AA189298090085C0AF /* FDWaveformView.m */; };
		469567AC189298090085C0AF /* FDWaveformView.m in Sources */ = {isa = PBXBuildFile; fileRef = 469567AA189298090085C0AF /* FDWaveformView.m */; };
		46D2A8A41893551600A65950 /* Info.storyboard in Resources */ = {isa = PBXBuildFile; fileRef = 46D2A8A31893551600A65950 /* Info.storyboard */; };
		46D2A8A71893565800A65950 /* SettingsTableViewController.m in Sources */ = {isa = PBXBuildFile; fileRef = 46D2A8A61893565800A65950 /* SettingsTableViewController.m */; };
		46D2A8A81893565800A65950 /* SettingsTableViewController.m in Sources */ = {isa = PBXBuildFile; fileRef = 46D2A8A61893565800A65950 /* SettingsTableViewController.m */; };
		46D6B0181891C19500792538 /* Icon-120.png in Resources */ = {isa = PBXBuildFile; fileRef = 46D6B00B1891C19500792538 /* Icon-120.png */; };
		46D6B0191891C19500792538 /* Icon-72.png in Resources */ = {isa = PBXBuildFile; fileRef = 46D6B00C1891C19500792538 /* Icon-72.png */; };
		46D6B01A1891C19500792538 /* Icon-72@2x.png in Resources */ = {isa = PBXBuildFile; fileRef = 46D6B00D1891C19500792538 /* Icon-72@2x.png */; };
		46D6B01B1891C19500792538 /* Icon-76.png in Resources */ = {isa = PBXBuildFile; fileRef = 46D6B00E1891C19500792538 /* Icon-76.png */; };
		46D6B01C1891C19500792538 /* Icon-76@2x.png in Resources */ = {isa = PBXBuildFile; fileRef = 46D6B00F1891C19500792538 /* Icon-76@2x.png */; };
		46D6B01D1891C19500792538 /* Icon-iPad-Spotlight-iOS7@2x.png in Resources */ = {isa = PBXBuildFile; fileRef = 46D6B0101891C19500792538 /* Icon-iPad-Spotlight-iOS7@2x.png */; };
		46D6B01E1891C19500792538 /* Icon-Small-50.png in Resources */ = {isa = PBXBuildFile; fileRef = 46D6B0111891C19500792538 /* Icon-Small-50.png */; };
		46D6B01F1891C19500792538 /* Icon-Small.png in Resources */ = {isa = PBXBuildFile; fileRef = 46D6B0121891C19500792538 /* Icon-Small.png */; };
		46D6B0201891C19500792538 /* Icon-Small@2x.png in Resources */ = {isa = PBXBuildFile; fileRef = 46D6B0131891C19500792538 /* Icon-Small@2x.png */; };
		46D6B0211891C19500792538 /* Icon-Spotlight-iOS7.png in Resources */ = {isa = PBXBuildFile; fileRef = 46D6B0141891C19500792538 /* Icon-Spotlight-iOS7.png */; };
		46D6B0221891C19500792538 /* Icon-Spotlight-iOS7@2x.png in Resources */ = {isa = PBXBuildFile; fileRef = 46D6B0151891C19500792538 /* Icon-Spotlight-iOS7@2x.png */; };
		46D6B0231891C19500792538 /* Icon.png in Resources */ = {isa = PBXBuildFile; fileRef = 46D6B0161891C19500792538 /* Icon.png */; };
		46D6B0241891C19500792538 /* Icon@2x.png in Resources */ = {isa = PBXBuildFile; fileRef = 46D6B0171891C19500792538 /* Icon@2x.png */; };
		46D6B0371891C50F00792538 /* PushButton.m in Sources */ = {isa = PBXBuildFile; fileRef = 46D6B0321891C50F00792538 /* PushButton.m */; };
		46D6B0391891C50F00792538 /* UIButton+Animations.m in Sources */ = {isa = PBXBuildFile; fileRef = 46D6B0361891C50F00792538 /* UIButton+Animations.m */; };
		46D6B0431891C6E200792538 /* Images.xcassets in Resources */ = {isa = PBXBuildFile; fileRef = 46D6B0421891C6E200792538 /* Images.xcassets */; };
		46D6B04B1891C79500792538 /* Launch 5.png in Resources */ = {isa = PBXBuildFile; fileRef = 46D6B0441891C79500792538 /* Launch 5.png */; };
		46D6B04C1891C79500792538 /* launch ipad landscape.png in Resources */ = {isa = PBXBuildFile; fileRef = 46D6B0451891C79500792538 /* launch ipad landscape.png */; };
		46D6B04D1891C79500792538 /* launch ipad landscape@2x.png in Resources */ = {isa = PBXBuildFile; fileRef = 46D6B0461891C79500792538 /* launch ipad landscape@2x.png */; };
		46D6B04E1891C79500792538 /* launch ipad portrait.png in Resources */ = {isa = PBXBuildFile; fileRef = 46D6B0471891C79500792538 /* launch ipad portrait.png */; };
		46D6B04F1891C79500792538 /* launch ipad portrait@2x.png in Resources */ = {isa = PBXBuildFile; fileRef = 46D6B0481891C79500792538 /* launch ipad portrait@2x.png */; };
		46D6B0501891C79500792538 /* Launch.png in Resources */ = {isa = PBXBuildFile; fileRef = 46D6B0491891C79500792538 /* Launch.png */; };
		46D6B0511891C79500792538 /* Launch@2x.png in Resources */ = {isa = PBXBuildFile; fileRef = 46D6B04A1891C79500792538 /* Launch@2x.png */; };
		46EB85011891D25000D911AB /* RemoteHTMLViewController.m in Sources */ = {isa = PBXBuildFile; fileRef = 46EB85001891D25000D911AB /* RemoteHTMLViewController.m */; };
		A725F7FF9B6C4D88AC9C683F /* libPods.a in Frameworks */ = {isa = PBXBuildFile; fileRef = 63105E7E3E2246D09FF68BAE /* libPods.a */; };
/* End PBXBuildFile section */

/* Begin PBXContainerItemProxy section */
		463028D51889EF4B00C520B9 /* PBXContainerItemProxy */ = {
			isa = PBXContainerItemProxy;
			containerPortal = 463028A71889EF4B00C520B9 /* Project object */;
			proxyType = 1;
			remoteGlobalIDString = 463028AE1889EF4B00C520B9;
			remoteInfo = ynnuS;
		};
/* End PBXContainerItemProxy section */

/* Begin PBXFileReference section */
		463028AF1889EF4B00C520B9 /* ynnuS.app */ = {isa = PBXFileReference; explicitFileType = wrapper.application; includeInIndex = 0; path = ynnuS.app; sourceTree = BUILT_PRODUCTS_DIR; };
		463028B21889EF4B00C520B9 /* Foundation.framework */ = {isa = PBXFileReference; lastKnownFileType = wrapper.framework; name = Foundation.framework; path = System/Library/Frameworks/Foundation.framework; sourceTree = SDKROOT; };
		463028B41889EF4B00C520B9 /* CoreGraphics.framework */ = {isa = PBXFileReference; lastKnownFileType = wrapper.framework; name = CoreGraphics.framework; path = System/Library/Frameworks/CoreGraphics.framework; sourceTree = SDKROOT; };
		463028B61889EF4B00C520B9 /* UIKit.framework */ = {isa = PBXFileReference; lastKnownFileType = wrapper.framework; name = UIKit.framework; path = System/Library/Frameworks/UIKit.framework; sourceTree = SDKROOT; };
		463028B81889EF4B00C520B9 /* CoreData.framework */ = {isa = PBXFileReference; lastKnownFileType = wrapper.framework; name = CoreData.framework; path = System/Library/Frameworks/CoreData.framework; sourceTree = SDKROOT; };
		463028BC1889EF4B00C520B9 /* ynnuS-Info.plist */ = {isa = PBXFileReference; lastKnownFileType = text.plist.xml; path = "ynnuS-Info.plist"; sourceTree = "<group>"; };
		463028BE1889EF4B00C520B9 /* en */ = {isa = PBXFileReference; lastKnownFileType = text.plist.strings; name = en; path = en.lproj/InfoPlist.strings; sourceTree = "<group>"; };
		463028C01889EF4B00C520B9 /* main.m */ = {isa = PBXFileReference; lastKnownFileType = sourcecode.c.objc; path = main.m; sourceTree = "<group>"; };
		463028C21889EF4B00C520B9 /* ynnuS-Prefix.pch */ = {isa = PBXFileReference; lastKnownFileType = sourcecode.c.h; path = "ynnuS-Prefix.pch"; sourceTree = "<group>"; };
		463028C31889EF4B00C520B9 /* JGAppDelegate.h */ = {isa = PBXFileReference; lastKnownFileType = sourcecode.c.h; path = JGAppDelegate.h; sourceTree = "<group>"; };
		463028C41889EF4B00C520B9 /* JGAppDelegate.m */ = {isa = PBXFileReference; lastKnownFileType = sourcecode.c.objc; path = JGAppDelegate.m; sourceTree = "<group>"; };
		463028C71889EF4B00C520B9 /* ynnuS.xcdatamodel */ = {isa = PBXFileReference; lastKnownFileType = wrapper.xcdatamodel; path = ynnuS.xcdatamodel; sourceTree = "<group>"; };
		463028CF1889EF4B00C520B9 /* ynnuSTests.xctest */ = {isa = PBXFileReference; explicitFileType = wrapper.cfbundle; includeInIndex = 0; path = ynnuSTests.xctest; sourceTree = BUILT_PRODUCTS_DIR; };
		463028D01889EF4B00C520B9 /* XCTest.framework */ = {isa = PBXFileReference; lastKnownFileType = wrapper.framework; name = XCTest.framework; path = Library/Frameworks/XCTest.framework; sourceTree = DEVELOPER_DIR; };
		463028D91889EF4B00C520B9 /* ynnuSTests-Info.plist */ = {isa = PBXFileReference; lastKnownFileType = text.plist.xml; path = "ynnuSTests-Info.plist"; sourceTree = "<group>"; };
		463028DB1889EF4B00C520B9 /* en */ = {isa = PBXFileReference; lastKnownFileType = text.plist.strings; name = en; path = en.lproj/InfoPlist.strings; sourceTree = "<group>"; };
		463028DD1889EF4B00C520B9 /* ynnuSTests.m */ = {isa = PBXFileReference; lastKnownFileType = sourcecode.c.objc; path = ynnuSTests.m; sourceTree = "<group>"; };
		463028E71889F00600C520B9 /* Sound.h */ = {isa = PBXFileReference; fileEncoding = 4; lastKnownFileType = sourcecode.c.h; name = Sound.h; path = ../../_SOURCE/_MODELS/Sound.h; sourceTree = "<group>"; };
		463028E81889F00600C520B9 /* Sound.m */ = {isa = PBXFileReference; fileEncoding = 4; lastKnownFileType = sourcecode.c.objc; name = Sound.m; path = ../../_SOURCE/_MODELS/Sound.m; sourceTree = "<group>"; };
		463028EC1889F20900C520B9 /* RootNavigationViewController.h */ = {isa = PBXFileReference; fileEncoding = 4; lastKnownFileType = sourcecode.c.h; path = RootNavigationViewController.h; sourceTree = "<group>"; };
		463028ED1889F20900C520B9 /* RootNavigationViewController.m */ = {isa = PBXFileReference; fileEncoding = 4; lastKnownFileType = sourcecode.c.objc; path = RootNavigationViewController.m; sourceTree = "<group>"; };
		463028EE1889F20900C520B9 /* SoundsListTableViewController.h */ = {isa = PBXFileReference; fileEncoding = 4; lastKnownFileType = sourcecode.c.h; path = SoundsListTableViewController.h; sourceTree = "<group>"; };
		463028EF1889F20900C520B9 /* SoundsListTableViewController.m */ = {isa = PBXFileReference; fileEncoding = 4; lastKnownFileType = sourcecode.c.objc; path = SoundsListTableViewController.m; sourceTree = "<group>"; };
		463028FA1889F75900C520B9 /* EmptySoundsCell.h */ = {isa = PBXFileReference; fileEncoding = 4; lastKnownFileType = sourcecode.c.h; name = EmptySoundsCell.h; path = ../_SOURCE/_CELLS/EmptySoundsCell.h; sourceTree = "<group>"; };
		463028FB1889F75900C520B9 /* EmptySoundsCell.m */ = {isa = PBXFileReference; fileEncoding = 4; lastKnownFileType = sourcecode.c.objc; name = EmptySoundsCell.m; path = ../_SOURCE/_CELLS/EmptySoundsCell.m; sourceTree = "<group>"; };
		4650C967188F4368009CA1C0 /* Record.storyboard */ = {isa = PBXFileReference; fileEncoding = 4; lastKnownFileType = file.storyboard; name = Record.storyboard; path = _RECORD/Record.storyboard; sourceTree = "<group>"; };
		4650C96B188F43F1009CA1C0 /* RecordSoundViewController.h */ = {isa = PBXFileReference; fileEncoding = 4; lastKnownFileType = sourcecode.c.h; name = RecordSoundViewController.h; path = _RECORD/RecordSoundViewController.h; sourceTree = "<group>"; };
		4650C96C188F43F1009CA1C0 /* RecordSoundViewController.m */ = {isa = PBXFileReference; fileEncoding = 4; lastKnownFileType = sourcecode.c.objc; name = RecordSoundViewController.m; path = _RECORD/RecordSoundViewController.m; sourceTree = "<group>"; };
		4650C973188F45EA009CA1C0 /* Globals.h */ = {isa = PBXFileReference; fileEncoding = 4; lastKnownFileType = sourcecode.c.h; name = Globals.h; path = ../_SOURCE/_COMMON/Globals.h; sourceTree = "<group>"; };
		4650C974188F45EA009CA1C0 /* Globals.m */ = {isa = PBXFileReference; fileEncoding = 4; lastKnownFileType = sourcecode.c.objc; name = Globals.m; path = ../_SOURCE/_COMMON/Globals.m; sourceTree = "<group>"; };
		4650C977188F551F009CA1C0 /* SoundListCell.h */ = {isa = PBXFileReference; fileEncoding = 4; lastKnownFileType = sourcecode.c.h; name = SoundListCell.h; path = ../_SOURCE/_CELLS/SoundListCell.h; sourceTree = "<group>"; };
		4650C978188F551F009CA1C0 /* SoundListCell.m */ = {isa = PBXFileReference; fileEncoding = 4; lastKnownFileType = sourcecode.c.objc; name = SoundListCell.m; path = ../_SOURCE/_CELLS/SoundListCell.m; sourceTree = "<group>"; };
		4650C97B188F5534009CA1C0 /* SoundListCell.xib */ = {isa = PBXFileReference; fileEncoding = 4; lastKnownFileType = file.xib; name = SoundListCell.xib; path = ../_SOURCE/_CELLS/SoundListCell.xib; sourceTree = "<group>"; };
		4650C97E188F5DD3009CA1C0 /* PlaySoundViewController.h */ = {isa = PBXFileReference; fileEncoding = 4; lastKnownFileType = sourcecode.c.h; name = PlaySoundViewController.h; path = _PLAY/PlaySoundViewController.h; sourceTree = "<group>"; };
		4650C97F188F5DD3009CA1C0 /* PlaySoundViewController.m */ = {isa = PBXFileReference; fileEncoding = 4; lastKnownFileType = sourcecode.c.objc; name = PlaySoundViewController.m; path = _PLAY/PlaySoundViewController.m; sourceTree = "<group>"; };
		4650C983188F5E0B009CA1C0 /* Play.storyboard */ = {isa = PBXFileReference; fileEncoding = 4; lastKnownFileType = file.storyboard; name = Play.storyboard; path = _PLAY/Play.storyboard; sourceTree = "<group>"; };
		4677D95518924EF2009C6A12 /* NavBarLogo.png */ = {isa = PBXFileReference; lastKnownFileType = image.png; path = NavBarLogo.png; sourceTree = "<group>"; };
		4677D95618924EF2009C6A12 /* NavBarLogo@2x.png */ = {isa = PBXFileReference; lastKnownFileType = image.png; path = "NavBarLogo@2x.png"; sourceTree = "<group>"; };
		468EF6371893752600F3D025 /* AppearanceViewController.h */ = {isa = PBXFileReference; fileEncoding = 4; lastKnownFileType = sourcecode.c.h; name = AppearanceViewController.h; path = _INFO/AppearanceViewController.h; sourceTree = "<group>"; };
		468EF6381893752600F3D025 /* AppearanceViewController.m */ = {isa = PBXFileReference; fileEncoding = 4; lastKnownFileType = sourcecode.c.objc; name = AppearanceViewController.m; path = _INFO/AppearanceViewController.m; sourceTree = "<group>"; };
		468EF63A1893842B00F3D025 /* Podfile */ = {isa = PBXFileReference; lastKnownFileType = text; path = Podfile; sourceTree = SOURCE_ROOT; };
		469567A9189298090085C0AF /* FDWaveformView.h */ = {isa = PBXFileReference; fileEncoding = 4; lastKnownFileType = sourcecode.c.h; path = FDWaveformView.h; sourceTree = "<group>"; };
		469567AA189298090085C0AF /* FDWaveformView.m */ = {isa = PBXFileReference; fileEncoding = 4; lastKnownFileType = sourcecode.c.objc; path = FDWaveformView.m; sourceTree = "<group>"; };
		469F6AC7189203D6007866B7 /* ynnuS 1.1.xcdatamodel */ = {isa = PBXFileReference; lastKnownFileType = wrapper.xcdatamodel; path = "ynnuS 1.1.xcdatamodel"; sourceTree = "<group>"; };
		46D2A8A31893551600A65950 /* Info.storyboard */ = {isa = PBXFileReference; fileEncoding = 4; lastKnownFileType = file.storyboard; name = Info.storyboard; path = _INFO/Info.storyboard; sourceTree = "<group>"; };
		46D2A8A51893565800A65950 /* SettingsTableViewController.h */ = {isa = PBXFileReference; fileEncoding = 4; lastKnownFileType = sourcecode.c.h; name = SettingsTableViewController.h; path = _INFO/SettingsTableViewController.h; sourceTree = "<group>"; };
		46D2A8A61893565800A65950 /* SettingsTableViewController.m */ = {isa = PBXFileReference; fileEncoding = 4; lastKnownFileType = sourcecode.c.objc; name = SettingsTableViewController.m; path = _INFO/SettingsTableViewController.m; sourceTree = "<group>"; };
		46D6B00B1891C19500792538 /* Icon-120.png */ = {isa = PBXFileReference; lastKnownFileType = image.png; path = "Icon-120.png"; sourceTree = "<group>"; };
		46D6B00C1891C19500792538 /* Icon-72.png */ = {isa = PBXFileReference; lastKnownFileType = image.png; path = "Icon-72.png"; sourceTree = "<group>"; };
		46D6B00D1891C19500792538 /* Icon-72@2x.png */ = {isa = PBXFileReference; lastKnownFileType = image.png; path = "Icon-72@2x.png"; sourceTree = "<group>"; };
		46D6B00E1891C19500792538 /* Icon-76.png */ = {isa = PBXFileReference; lastKnownFileType = image.png; path = "Icon-76.png"; sourceTree = "<group>"; };
		46D6B00F1891C19500792538 /* Icon-76@2x.png */ = {isa = PBXFileReference; lastKnownFileType = image.png; path = "Icon-76@2x.png"; sourceTree = "<group>"; };
		46D6B0101891C19500792538 /* Icon-iPad-Spotlight-iOS7@2x.png */ = {isa = PBXFileReference; lastKnownFileType = image.png; path = "Icon-iPad-Spotlight-iOS7@2x.png"; sourceTree = "<group>"; };
		46D6B0111891C19500792538 /* Icon-Small-50.png */ = {isa = PBXFileReference; lastKnownFileType = image.png; path = "Icon-Small-50.png"; sourceTree = "<group>"; };
		46D6B0121891C19500792538 /* Icon-Small.png */ = {isa = PBXFileReference; lastKnownFileType = image.png; path = "Icon-Small.png"; sourceTree = "<group>"; };
		46D6B0131891C19500792538 /* Icon-Small@2x.png */ = {isa = PBXFileReference; lastKnownFileType = image.png; path = "Icon-Small@2x.png"; sourceTree = "<group>"; };
		46D6B0141891C19500792538 /* Icon-Spotlight-iOS7.png */ = {isa = PBXFileReference; lastKnownFileType = image.png; path = "Icon-Spotlight-iOS7.png"; sourceTree = "<group>"; };
		46D6B0151891C19500792538 /* Icon-Spotlight-iOS7@2x.png */ = {isa = PBXFileReference; lastKnownFileType = image.png; path = "Icon-Spotlight-iOS7@2x.png"; sourceTree = "<group>"; };
		46D6B0161891C19500792538 /* Icon.png */ = {isa = PBXFileReference; lastKnownFileType = image.png; path = Icon.png; sourceTree = "<group>"; };
		46D6B0171891C19500792538 /* Icon@2x.png */ = {isa = PBXFileReference; lastKnownFileType = image.png; path = "Icon@2x.png"; sourceTree = "<group>"; };
		46D6B0311891C50F00792538 /* PushButton.h */ = {isa = PBXFileReference; fileEncoding = 4; lastKnownFileType = sourcecode.c.h; path = PushButton.h; sourceTree = "<group>"; };
		46D6B0321891C50F00792538 /* PushButton.m */ = {isa = PBXFileReference; fileEncoding = 4; lastKnownFileType = sourcecode.c.objc; path = PushButton.m; sourceTree = "<group>"; };
		46D6B0351891C50F00792538 /* UIButton+Animations.h */ = {isa = PBXFileReference; fileEncoding = 4; lastKnownFileType = sourcecode.c.h; path = "UIButton+Animations.h"; sourceTree = "<group>"; };
		46D6B0361891C50F00792538 /* UIButton+Animations.m */ = {isa = PBXFileReference; fileEncoding = 4; lastKnownFileType = sourcecode.c.objc; path = "UIButton+Animations.m"; sourceTree = "<group>"; };
		46D6B0421891C6E200792538 /* Images.xcassets */ = {isa = PBXFileReference; lastKnownFileType = folder.assetcatalog; path = Images.xcassets; sourceTree = "<group>"; };
		46D6B0441891C79500792538 /* Launch 5.png */ = {isa = PBXFileReference; lastKnownFileType = image.png; path = "Launch 5.png"; sourceTree = "<group>"; };
		46D6B0451891C79500792538 /* launch ipad landscape.png */ = {isa = PBXFileReference; lastKnownFileType = image.png; path = "launch ipad landscape.png"; sourceTree = "<group>"; };
		46D6B0461891C79500792538 /* launch ipad landscape@2x.png */ = {isa = PBXFileReference; lastKnownFileType = image.png; path = "launch ipad landscape@2x.png"; sourceTree = "<group>"; };
		46D6B0471891C79500792538 /* launch ipad portrait.png */ = {isa = PBXFileReference; lastKnownFileType = image.png; path = "launch ipad portrait.png"; sourceTree = "<group>"; };
		46D6B0481891C79500792538 /* launch ipad portrait@2x.png */ = {isa = PBXFileReference; lastKnownFileType = image.png; path = "launch ipad portrait@2x.png"; sourceTree = "<group>"; };
		46D6B0491891C79500792538 /* Launch.png */ = {isa = PBXFileReference; lastKnownFileType = image.png; path = Launch.png; sourceTree = "<group>"; };
		46D6B04A1891C79500792538 /* Launch@2x.png */ = {isa = PBXFileReference; lastKnownFileType = image.png; path = "Launch@2x.png"; sourceTree = "<group>"; };
		46EB84FF1891D25000D911AB /* RemoteHTMLViewController.h */ = {isa = PBXFileReference; fileEncoding = 4; lastKnownFileType = sourcecode.c.h; name = RemoteHTMLViewController.h; path = _INFO/RemoteHTMLViewController.h; sourceTree = "<group>"; };
		46EB85001891D25000D911AB /* RemoteHTMLViewController.m */ = {isa = PBXFileReference; fileEncoding = 4; lastKnownFileType = sourcecode.c.objc; name = RemoteHTMLViewController.m; path = _INFO/RemoteHTMLViewController.m; sourceTree = "<group>"; };
		63105E7E3E2246D09FF68BAE /* libPods.a */ = {isa = PBXFileReference; explicitFileType = archive.ar; includeInIndex = 0; path = libPods.a; sourceTree = BUILT_PRODUCTS_DIR; };
		D13B8EF719D142BA82110DDD /* Pods.xcconfig */ = {isa = PBXFileReference; includeInIndex = 1; lastKnownFileType = text.xcconfig; name = Pods.xcconfig; path = Pods/Pods.xcconfig; sourceTree = "<group>"; };
/* End PBXFileReference section */

/* Begin PBXFrameworksBuildPhase section */
		463028AC1889EF4B00C520B9 /* Frameworks */ = {
			isa = PBXFrameworksBuildPhase;
			buildActionMask = 2147483647;
			files = (
				463028B51889EF4B00C520B9 /* CoreGraphics.framework in Frameworks */,
				463028B91889EF4B00C520B9 /* CoreData.framework in Frameworks */,
				463028B71889EF4B00C520B9 /* UIKit.framework in Frameworks */,
				463028B31889EF4B00C520B9 /* Foundation.framework in Frameworks */,
				A725F7FF9B6C4D88AC9C683F /* libPods.a in Frameworks */,
			);
			runOnlyForDeploymentPostprocessing = 0;
		};
		463028CC1889EF4B00C520B9 /* Frameworks */ = {
			isa = PBXFrameworksBuildPhase;
			buildActionMask = 2147483647;
			files = (
				463028D11889EF4B00C520B9 /* XCTest.framework in Frameworks */,
				463028D41889EF4B00C520B9 /* CoreData.framework in Frameworks */,
				463028D31889EF4B00C520B9 /* UIKit.framework in Frameworks */,
				463028D21889EF4B00C520B9 /* Foundation.framework in Frameworks */,
			);
			runOnlyForDeploymentPostprocessing = 0;
		};
/* End PBXFrameworksBuildPhase section */

/* Begin PBXGroup section */
		463028A61889EF4B00C520B9 = {
			isa = PBXGroup;
			children = (
				46D6B0091891C19500792538 /* _ASSETS */,
				463028F41889F20E00C520B9 /* _SOURCE */,
				463028BA1889EF4B00C520B9 /* ynnuS */,
				463028D71889EF4B00C520B9 /* ynnuSTests */,
				463028B11889EF4B00C520B9 /* Frameworks */,
				463028B01889EF4B00C520B9 /* Products */,
				D13B8EF719D142BA82110DDD /* Pods.xcconfig */,
			);
			sourceTree = "<group>";
		};
		463028B01889EF4B00C520B9 /* Products */ = {
			isa = PBXGroup;
			children = (
				463028AF1889EF4B00C520B9 /* ynnuS.app */,
				463028CF1889EF4B00C520B9 /* ynnuSTests.xctest */,
			);
			name = Products;
			sourceTree = "<group>";
		};
		463028B11889EF4B00C520B9 /* Frameworks */ = {
			isa = PBXGroup;
			children = (
				463028B21889EF4B00C520B9 /* Foundation.framework */,
				463028B41889EF4B00C520B9 /* CoreGraphics.framework */,
				463028B61889EF4B00C520B9 /* UIKit.framework */,
				463028B81889EF4B00C520B9 /* CoreData.framework */,
				463028D01889EF4B00C520B9 /* XCTest.framework */,
				63105E7E3E2246D09FF68BAE /* libPods.a */,
			);
			name = Frameworks;
			sourceTree = "<group>";
		};
		463028BA1889EF4B00C520B9 /* ynnuS */ = {
			isa = PBXGroup;
			children = (
				463028C31889EF4B00C520B9 /* JGAppDelegate.h */,
				463028C41889EF4B00C520B9 /* JGAppDelegate.m */,
				463028C61889EF4B00C520B9 /* ynnuS.xcdatamodeld */,
				46D6B0421891C6E200792538 /* Images.xcassets */,
				463028BB1889EF4B00C520B9 /* Supporting Files */,
			);
			path = ynnuS;
			sourceTree = "<group>";
		};
		463028BB1889EF4B00C520B9 /* Supporting Files */ = {
			isa = PBXGroup;
			children = (
				468EF63A1893842B00F3D025 /* Podfile */,
				463028BC1889EF4B00C520B9 /* ynnuS-Info.plist */,
				463028BD1889EF4B00C520B9 /* InfoPlist.strings */,
				463028C01889EF4B00C520B9 /* main.m */,
				463028C21889EF4B00C520B9 /* ynnuS-Prefix.pch */,
			);
			name = "Supporting Files";
			sourceTree = "<group>";
		};
		463028D71889EF4B00C520B9 /* ynnuSTests */ = {
			isa = PBXGroup;
			children = (
				463028DD1889EF4B00C520B9 /* ynnuSTests.m */,
				463028D81889EF4B00C520B9 /* Supporting Files */,
			);
			path = ynnuSTests;
			sourceTree = "<group>";
		};
		463028D81889EF4B00C520B9 /* Supporting Files */ = {
			isa = PBXGroup;
			children = (
				463028D91889EF4B00C520B9 /* ynnuSTests-Info.plist */,
				463028DA1889EF4B00C520B9 /* InfoPlist.strings */,
			);
			name = "Supporting Files";
			sourceTree = "<group>";
		};
		463028EB1889F20900C520B9 /* _CONTROLLERS */ = {
			isa = PBXGroup;
			children = (
				463028EC1889F20900C520B9 /* RootNavigationViewController.h */,
				463028ED1889F20900C520B9 /* RootNavigationViewController.m */,
				463028EE1889F20900C520B9 /* SoundsListTableViewController.h */,
				463028EF1889F20900C520B9 /* SoundsListTableViewController.m */,
				4650C96A188F436C009CA1C0 /* _RECORD */,
				4650C982188F5DDA009CA1C0 /* _PLAY */,
				46EB85021891D26200D911AB /* _INFO */,
			);
			name = _CONTROLLERS;
			path = ../_SOURCE/_CONTROLLERS;
			sourceTree = "<group>";
		};
		463028F41889F20E00C520B9 /* _SOURCE */ = {
			isa = PBXGroup;
			children = (
				469567A7189298090085C0AF /* _LIBRARIES */,
				46D6B0301891C50F00792538 /* _BUTTONS */,
				463028F51889F21400C520B9 /* _MODELS */,
				463028EB1889F20900C520B9 /* _CONTROLLERS */,
				463028FE1889F75C00C520B9 /* _CELLS */,
				4650C973188F45EA009CA1C0 /* Globals.h */,
				4650C974188F45EA009CA1C0 /* Globals.m */,
			);
			name = _SOURCE;
			sourceTree = "<group>";
		};
		463028F51889F21400C520B9 /* _MODELS */ = {
			isa = PBXGroup;
			children = (
				463028E71889F00600C520B9 /* Sound.h */,
				463028E81889F00600C520B9 /* Sound.m */,
			);
			name = _MODELS;
			path = ynnuS;
			sourceTree = "<group>";
		};
		463028FE1889F75C00C520B9 /* _CELLS */ = {
			isa = PBXGroup;
			children = (
				463028FA1889F75900C520B9 /* EmptySoundsCell.h */,
				463028FB1889F75900C520B9 /* EmptySoundsCell.m */,
				4650C977188F551F009CA1C0 /* SoundListCell.h */,
				4650C978188F551F009CA1C0 /* SoundListCell.m */,
				4650C97B188F5534009CA1C0 /* SoundListCell.xib */,
			);
			name = _CELLS;
			sourceTree = "<group>";
		};
		4650C96A188F436C009CA1C0 /* _RECORD */ = {
			isa = PBXGroup;
			children = (
				4650C96B188F43F1009CA1C0 /* RecordSoundViewController.h */,
				4650C96C188F43F1009CA1C0 /* RecordSoundViewController.m */,
				4650C967188F4368009CA1C0 /* Record.storyboard */,
			);
			name = _RECORD;
			sourceTree = "<group>";
		};
		4650C982188F5DDA009CA1C0 /* _PLAY */ = {
			isa = PBXGroup;
			children = (
				4650C983188F5E0B009CA1C0 /* Play.storyboard */,
				4650C97E188F5DD3009CA1C0 /* PlaySoundViewController.h */,
				4650C97F188F5DD3009CA1C0 /* PlaySoundViewController.m */,
			);
			name = _PLAY;
			sourceTree = "<group>";
		};
		4677D95018924E7A009C6A12 /* _IMAGES */ = {
			isa = PBXGroup;
			children = (
				4677D95518924EF2009C6A12 /* NavBarLogo.png */,
				4677D95618924EF2009C6A12 /* NavBarLogo@2x.png */,
			);
			path = _IMAGES;
			sourceTree = "<group>";
		};
		469567A7189298090085C0AF /* _LIBRARIES */ = {
			isa = PBXGroup;
			children = (
				469567A8189298090085C0AF /* FDWaveformView */,
			);
			name = _LIBRARIES;
			path = ../_SOURCE/_LIBRARIES;
			sourceTree = "<group>";
		};
		469567A8189298090085C0AF /* FDWaveformView */ = {
			isa = PBXGroup;
			children = (
				469567A9189298090085C0AF /* FDWaveformView.h */,
				469567AA189298090085C0AF /* FDWaveformView.m */,
			);
			path = FDWaveformView;
			sourceTree = "<group>";
		};
		46D6B0091891C19500792538 /* _ASSETS */ = {
			isa = PBXGroup;
			children = (
				4677D95018924E7A009C6A12 /* _IMAGES */,
				46D6B0251891C3B000792538 /* _LAUNCH */,
				46D6B00A1891C19500792538 /* _ICONS */,
			);
			name = _ASSETS;
			path = ../_ASSETS;
			sourceTree = "<group>";
		};
		46D6B00A1891C19500792538 /* _ICONS */ = {
			isa = PBXGroup;
			children = (
				46D6B00B1891C19500792538 /* Icon-120.png */,
				46D6B00C1891C19500792538 /* Icon-72.png */,
				46D6B00D1891C19500792538 /* Icon-72@2x.png */,
				46D6B00E1891C19500792538 /* Icon-76.png */,
				46D6B00F1891C19500792538 /* Icon-76@2x.png */,
				46D6B0101891C19500792538 /* Icon-iPad-Spotlight-iOS7@2x.png */,
				46D6B0111891C19500792538 /* Icon-Small-50.png */,
				46D6B0121891C19500792538 /* Icon-Small.png */,
				46D6B0131891C19500792538 /* Icon-Small@2x.png */,
				46D6B0141891C19500792538 /* Icon-Spotlight-iOS7.png */,
				46D6B0151891C19500792538 /* Icon-Spotlight-iOS7@2x.png */,
				46D6B0161891C19500792538 /* Icon.png */,
				46D6B0171891C19500792538 /* Icon@2x.png */,
			);
			path = _ICONS;
			sourceTree = "<group>";
		};
		46D6B0251891C3B000792538 /* _LAUNCH */ = {
			isa = PBXGroup;
			children = (
				46D6B0441891C79500792538 /* Launch 5.png */,
				46D6B0451891C79500792538 /* launch ipad landscape.png */,
				46D6B0461891C79500792538 /* launch ipad landscape@2x.png */,
				46D6B0471891C79500792538 /* launch ipad portrait.png */,
				46D6B0481891C79500792538 /* launch ipad portrait@2x.png */,
				46D6B0491891C79500792538 /* Launch.png */,
				46D6B04A1891C79500792538 /* Launch@2x.png */,
			);
			path = _LAUNCH;
			sourceTree = "<group>";
		};
		46D6B0301891C50F00792538 /* _BUTTONS */ = {
			isa = PBXGroup;
			children = (
				46D6B0311891C50F00792538 /* PushButton.h */,
				46D6B0321891C50F00792538 /* PushButton.m */,
				46D6B0351891C50F00792538 /* UIButton+Animations.h */,
				46D6B0361891C50F00792538 /* UIButton+Animations.m */,
			);
			name = _BUTTONS;
			path = ../_SOURCE/_BUTTONS;
			sourceTree = "<group>";
		};
		46EB85021891D26200D911AB /* _INFO */ = {
			isa = PBXGroup;
			children = (
				46D2A8A51893565800A65950 /* SettingsTableViewController.h */,
				46D2A8A61893565800A65950 /* SettingsTableViewController.m */,
				46EB84FF1891D25000D911AB /* RemoteHTMLViewController.h */,
				46EB85001891D25000D911AB /* RemoteHTMLViewController.m */,
				46D2A8A31893551600A65950 /* Info.storyboard */,
				468EF6371893752600F3D025 /* AppearanceViewController.h */,
				468EF6381893752600F3D025 /* AppearanceViewController.m */,
			);
			name = _INFO;
			sourceTree = "<group>";
		};
/* End PBXGroup section */

/* Begin PBXNativeTarget section */
		463028AE1889EF4B00C520B9 /* ynnuS */ = {
			isa = PBXNativeTarget;
			buildConfigurationList = 463028E11889EF4B00C520B9 /* Build configuration list for PBXNativeTarget "ynnuS" */;
			buildPhases = (
				58B9D492AE084756B7D69734 /* Check Pods Manifest.lock */,
				463028AB1889EF4B00C520B9 /* Sources */,
				463028AC1889EF4B00C520B9 /* Frameworks */,
				463028AD1889EF4B00C520B9 /* Resources */,
				B9430D3DA5D04F0A85DCD7FC /* Copy Pods Resources */,
			);
			buildRules = (
			);
			dependencies = (
			);
			name = ynnuS;
			productName = ynnuS;
			productReference = 463028AF1889EF4B00C520B9 /* ynnuS.app */;
			productType = "com.apple.product-type.application";
		};
		463028CE1889EF4B00C520B9 /* ynnuSTests */ = {
			isa = PBXNativeTarget;
			buildConfigurationList = 463028E41889EF4B00C520B9 /* Build configuration list for PBXNativeTarget "ynnuSTests" */;
			buildPhases = (
				463028CB1889EF4B00C520B9 /* Sources */,
				463028CC1889EF4B00C520B9 /* Frameworks */,
				463028CD1889EF4B00C520B9 /* Resources */,
			);
			buildRules = (
			);
			dependencies = (
				463028D61889EF4B00C520B9 /* PBXTargetDependency */,
			);
			name = ynnuSTests;
			productName = ynnuSTests;
			productReference = 463028CF1889EF4B00C520B9 /* ynnuSTests.xctest */;
			productType = "com.apple.product-type.bundle.unit-test";
		};
/* End PBXNativeTarget section */

/* Begin PBXProject section */
		463028A71889EF4B00C520B9 /* Project object */ = {
			isa = PBXProject;
			attributes = {
				CLASSPREFIX = JG;
				LastUpgradeCheck = 0500;
				ORGANIZATIONNAME = "Ulnar Nerve LLC";
				TargetAttributes = {
					463028AE1889EF4B00C520B9 = {
						DevelopmentTeam = F89HU4XKQS;
					};
					463028CE1889EF4B00C520B9 = {
						TestTargetID = 463028AE1889EF4B00C520B9;
					};
				};
			};
			buildConfigurationList = 463028AA1889EF4B00C520B9 /* Build configuration list for PBXProject "ynnuS" */;
			compatibilityVersion = "Xcode 3.2";
			developmentRegion = English;
			hasScannedForEncodings = 0;
			knownRegions = (
				en,
			);
			mainGroup = 463028A61889EF4B00C520B9;
			productRefGroup = 463028B01889EF4B00C520B9 /* Products */;
			projectDirPath = "";
			projectRoot = "";
			targets = (
				463028AE1889EF4B00C520B9 /* ynnuS */,
				463028CE1889EF4B00C520B9 /* ynnuSTests */,
			);
		};
/* End PBXProject section */

/* Begin PBXResourcesBuildPhase section */
		463028AD1889EF4B00C520B9 /* Resources */ = {
			isa = PBXResourcesBuildPhase;
			buildActionMask = 2147483647;
			files = (
				46D6B0501891C79500792538 /* Launch.png in Resources */,
				46D6B04C1891C79500792538 /* launch ipad landscape.png in Resources */,
				46D6B04E1891C79500792538 /* launch ipad portrait.png in Resources */,
				46D6B0231891C19500792538 /* Icon.png in Resources */,
				46D6B0241891C19500792538 /* Icon@2x.png in Resources */,
				46D6B04F1891C79500792538 /* launch ipad portrait@2x.png in Resources */,
				4650C968188F4368009CA1C0 /* Record.storyboard in Resources */,
				46D6B01D1891C19500792538 /* Icon-iPad-Spotlight-iOS7@2x.png in Resources */,
				463028BF1889EF4B00C520B9 /* InfoPlist.strings in Resources */,
				46D6B0211891C19500792538 /* Icon-Spotlight-iOS7.png in Resources */,
				46D6B01F1891C19500792538 /* Icon-Small.png in Resources */,
				46D6B01A1891C19500792538 /* Icon-72@2x.png in Resources */,
				46D6B0511891C79500792538 /* Launch@2x.png in Resources */,
				4650C97C188F5534009CA1C0 /* SoundListCell.xib in Resources */,
				46D6B0431891C6E200792538 /* Images.xcassets in Resources */,
				46D6B0181891C19500792538 /* Icon-120.png in Resources */,
				46D6B0191891C19500792538 /* Icon-72.png in Resources */,
				46D6B0221891C19500792538 /* Icon-Spotlight-iOS7@2x.png in Resources */,
				4650C984188F5E0B009CA1C0 /* Play.storyboard in Resources */,
				46D6B04B1891C79500792538 /* Launch 5.png in Resources */,
				4677D95718924EF2009C6A12 /* NavBarLogo.png in Resources */,
				4677D95818924EF2009C6A12 /* NavBarLogo@2x.png in Resources */,
				46D2A8A41893551600A65950 /* Info.storyboard in Resources */,
				46D6B01E1891C19500792538 /* Icon-Small-50.png in Resources */,
				46D6B01C1891C19500792538 /* Icon-76@2x.png in Resources */,
				46D6B04D1891C79500792538 /* launch ipad landscape@2x.png in Resources */,
				46D6B01B1891C19500792538 /* Icon-76.png in Resources */,
				46D6B0201891C19500792538 /* Icon-Small@2x.png in Resources */,
			);
			runOnlyForDeploymentPostprocessing = 0;
		};
		463028CD1889EF4B00C520B9 /* Resources */ = {
			isa = PBXResourcesBuildPhase;
			buildActionMask = 2147483647;
			files = (
				4650C985188F5E0B009CA1C0 /* Play.storyboard in Resources */,
				463028DC1889EF4B00C520B9 /* InfoPlist.strings in Resources */,
				4650C969188F4368009CA1C0 /* Record.storyboard in Resources */,
				4650C97D188F5534009CA1C0 /* SoundListCell.xib in Resources */,
			);
			runOnlyForDeploymentPostprocessing = 0;
		};
/* End PBXResourcesBuildPhase section */

/* Begin PBXShellScriptBuildPhase section */
		58B9D492AE084756B7D69734 /* Check Pods Manifest.lock */ = {
			isa = PBXShellScriptBuildPhase;
			buildActionMask = 2147483647;
			files = (
			);
			inputPaths = (
			);
			name = "Check Pods Manifest.lock";
			outputPaths = (
			);
			runOnlyForDeploymentPostprocessing = 0;
			shellPath = /bin/sh;
			shellScript = "diff \"${PODS_ROOT}/../Podfile.lock\" \"${PODS_ROOT}/Manifest.lock\" > /dev/null\nif [[ $? != 0 ]] ; then\n    cat << EOM\nerror: The sandbox is not in sync with the Podfile.lock. Run 'pod install' or update your CocoaPods installation.\nEOM\n    exit 1\nfi\n";
			showEnvVarsInLog = 0;
		};
		B9430D3DA5D04F0A85DCD7FC /* Copy Pods Resources */ = {
			isa = PBXShellScriptBuildPhase;
			buildActionMask = 2147483647;
			files = (
			);
			inputPaths = (
			);
			name = "Copy Pods Resources";
			outputPaths = (
			);
			runOnlyForDeploymentPostprocessing = 0;
			shellPath = /bin/sh;
			shellScript = "\"${SRCROOT}/Pods/Pods-resources.sh\"\n";
			showEnvVarsInLog = 0;
		};
/* End PBXShellScriptBuildPhase section */

/* Begin PBXSourcesBuildPhase section */
		463028AB1889EF4B00C520B9 /* Sources */ = {
			isa = PBXSourcesBuildPhase;
			buildActionMask = 2147483647;
			files = (
				46D2A8A71893565800A65950 /* SettingsTableViewController.m in Sources */,
				463028FC1889F75900C520B9 /* EmptySoundsCell.m in Sources */,
				468EF6391893752600F3D025 /* AppearanceViewController.m in Sources */,
				463028F01889F20900C520B9 /* RootNavigationViewController.m in Sources */,
				469567AB189298090085C0AF /* FDWaveformView.m in Sources */,
				4650C980188F5DD3009CA1C0 /* PlaySoundViewController.m in Sources */,
				46D6B0371891C50F00792538 /* PushButton.m in Sources */,
				46D6B0391891C50F00792538 /* UIButton+Animations.m in Sources */,
				4650C979188F551F009CA1C0 /* SoundListCell.m in Sources */,
				463028F21889F20900C520B9 /* SoundsListTableViewController.m in Sources */,
				463028C11889EF4B00C520B9 /* main.m in Sources */,
				463028C51889EF4B00C520B9 /* JGAppDelegate.m in Sources */,
				4650C96F188F43F1009CA1C0 /* RecordSoundViewController.m in Sources */,
				463028C81889EF4B00C520B9 /* ynnuS.xcdatamodeld in Sources */,
				4650C975188F45EA009CA1C0 /* Globals.m in Sources */,
				46EB85011891D25000D911AB /* RemoteHTMLViewController.m in Sources */,
				463028E91889F00600C520B9 /* Sound.m in Sources */,
			);
			runOnlyForDeploymentPostprocessing = 0;
		};
		463028CB1889EF4B00C520B9 /* Sources */ = {
			isa = PBXSourcesBuildPhase;
			buildActionMask = 2147483647;
			files = (
				4650C976188F45EA009CA1C0 /* Globals.m in Sources */,
				4650C97A188F551F009CA1C0 /* SoundListCell.m in Sources */,
				463028F11889F20900C520B9 /* RootNavigationViewController.m in Sources */,
				463028F31889F20900C520B9 /* SoundsListTableViewController.m in Sources */,
				4650C981188F5DD3009CA1C0 /* PlaySoundViewController.m in Sources */,
				463028DE1889EF4B00C520B9 /* ynnuSTests.m in Sources */,
				4650C970188F43F1009CA1C0 /* RecordSoundViewController.m in Sources */,
				469567AC189298090085C0AF /* FDWaveformView.m in Sources */,
				463028EA1889F00600C520B9 /* Sound.m in Sources */,
				46D2A8A81893565800A65950 /* SettingsTableViewController.m in Sources */,
				463028FD1889F75900C520B9 /* EmptySoundsCell.m in Sources */,
			);
			runOnlyForDeploymentPostprocessing = 0;
		};
/* End PBXSourcesBuildPhase section */

/* Begin PBXTargetDependency section */
		463028D61889EF4B00C520B9 /* PBXTargetDependency */ = {
			isa = PBXTargetDependency;
			target = 463028AE1889EF4B00C520B9 /* ynnuS */;
			targetProxy = 463028D51889EF4B00C520B9 /* PBXContainerItemProxy */;
		};
/* End PBXTargetDependency section */

/* Begin PBXVariantGroup section */
		463028BD1889EF4B00C520B9 /* InfoPlist.strings */ = {
			isa = PBXVariantGroup;
			children = (
				463028BE1889EF4B00C520B9 /* en */,
			);
			name = InfoPlist.strings;
			sourceTree = "<group>";
		};
		463028DA1889EF4B00C520B9 /* InfoPlist.strings */ = {
			isa = PBXVariantGroup;
			children = (
				463028DB1889EF4B00C520B9 /* en */,
			);
			name = InfoPlist.strings;
			sourceTree = "<group>";
		};
/* End PBXVariantGroup section */

/* Begin XCBuildConfiguration section */
		463028DF1889EF4B00C520B9 /* Debug */ = {
			isa = XCBuildConfiguration;
			buildSettings = {
				ALWAYS_SEARCH_USER_PATHS = NO;
				ARCHS = "$(ARCHS_STANDARD_INCLUDING_64_BIT)";
				CLANG_CXX_LANGUAGE_STANDARD = "gnu++0x";
				CLANG_CXX_LIBRARY = "libc++";
				CLANG_ENABLE_MODULES = YES;
				CLANG_ENABLE_OBJC_ARC = YES;
				CLANG_WARN_BOOL_CONVERSION = YES;
				CLANG_WARN_CONSTANT_CONVERSION = YES;
				CLANG_WARN_DIRECT_OBJC_ISA_USAGE = YES_ERROR;
				CLANG_WARN_EMPTY_BODY = YES;
				CLANG_WARN_ENUM_CONVERSION = YES;
				CLANG_WARN_INT_CONVERSION = YES;
				CLANG_WARN_OBJC_ROOT_CLASS = YES_ERROR;
				CLANG_WARN__DUPLICATE_METHOD_MATCH = YES;
				"CODE_SIGN_IDENTITY[sdk=iphoneos*]" = "iPhone Developer";
				COPY_PHASE_STRIP = NO;
				GCC_C_LANGUAGE_STANDARD = gnu99;
				GCC_DYNAMIC_NO_PIC = NO;
				GCC_OPTIMIZATION_LEVEL = 0;
				GCC_PREPROCESSOR_DEFINITIONS = (
					"DEBUG=1",
					"$(inherited)",
				);
				GCC_SYMBOLS_PRIVATE_EXTERN = NO;
				GCC_WARN_64_TO_32_BIT_CONVERSION = YES;
				GCC_WARN_ABOUT_RETURN_TYPE = YES_ERROR;
				GCC_WARN_UNDECLARED_SELECTOR = YES;
				GCC_WARN_UNINITIALIZED_AUTOS = YES;
				GCC_WARN_UNUSED_FUNCTION = YES;
				GCC_WARN_UNUSED_VARIABLE = YES;
				IPHONEOS_DEPLOYMENT_TARGET = 7.0;
				ONLY_ACTIVE_ARCH = YES;
				SDKROOT = iphoneos;
				TARGETED_DEVICE_FAMILY = "1,2";
			};
			name = Debug;
		};
		463028E01889EF4B00C520B9 /* Release */ = {
			isa = XCBuildConfiguration;
			buildSettings = {
				ALWAYS_SEARCH_USER_PATHS = NO;
				ARCHS = "$(ARCHS_STANDARD_INCLUDING_64_BIT)";
				CLANG_CXX_LANGUAGE_STANDARD = "gnu++0x";
				CLANG_CXX_LIBRARY = "libc++";
				CLANG_ENABLE_MODULES = YES;
				CLANG_ENABLE_OBJC_ARC = YES;
				CLANG_WARN_BOOL_CONVERSION = YES;
				CLANG_WARN_CONSTANT_CONVERSION = YES;
				CLANG_WARN_DIRECT_OBJC_ISA_USAGE = YES_ERROR;
				CLANG_WARN_EMPTY_BODY = YES;
				CLANG_WARN_ENUM_CONVERSION = YES;
				CLANG_WARN_INT_CONVERSION = YES;
				CLANG_WARN_OBJC_ROOT_CLASS = YES_ERROR;
				CLANG_WARN__DUPLICATE_METHOD_MATCH = YES;
				"CODE_SIGN_IDENTITY[sdk=iphoneos*]" = "iPhone Developer";
				COPY_PHASE_STRIP = YES;
				ENABLE_NS_ASSERTIONS = NO;
				GCC_C_LANGUAGE_STANDARD = gnu99;
				GCC_WARN_64_TO_32_BIT_CONVERSION = YES;
				GCC_WARN_ABOUT_RETURN_TYPE = YES_ERROR;
				GCC_WARN_UNDECLARED_SELECTOR = YES;
				GCC_WARN_UNINITIALIZED_AUTOS = YES;
				GCC_WARN_UNUSED_FUNCTION = YES;
				GCC_WARN_UNUSED_VARIABLE = YES;
				IPHONEOS_DEPLOYMENT_TARGET = 7.0;
				SDKROOT = iphoneos;
				TARGETED_DEVICE_FAMILY = "1,2";
				VALIDATE_PRODUCT = YES;
			};
			name = Release;
		};
		463028E21889EF4B00C520B9 /* Debug */ = {
			isa = XCBuildConfiguration;
			baseConfigurationReference = D13B8EF719D142BA82110DDD /* Pods.xcconfig */;
			buildSettings = {
				ASSETCATALOG_COMPILER_APPICON_NAME = AppIcon;
				ASSETCATALOG_COMPILER_LAUNCHIMAGE_NAME = LaunchImage;
				CODE_SIGN_IDENTITY = "iPhone Developer";
				"CODE_SIGN_IDENTITY[sdk=iphoneos*]" = "iPhone Developer: Jason Garrett (WXUSAVY2J6)";
				GCC_PRECOMPILE_PREFIX_HEADER = YES;
				GCC_PREFIX_HEADER = "ynnuS/ynnuS-Prefix.pch";
				INFOPLIST_FILE = "ynnuS/ynnuS-Info.plist";
				PRODUCT_NAME = "$(TARGET_NAME)";
				PROVISIONING_PROFILE = "C42F4BB3-C23A-4589-85D5-3F985BBE30E9";
				WRAPPER_EXTENSION = app;
			};
			name = Debug;
		};
		463028E31889EF4B00C520B9 /* Release */ = {
			isa = XCBuildConfiguration;
			baseConfigurationReference = D13B8EF719D142BA82110DDD /* Pods.xcconfig */;
			buildSettings = {
				ASSETCATALOG_COMPILER_APPICON_NAME = AppIcon;
				ASSETCATALOG_COMPILER_LAUNCHIMAGE_NAME = LaunchImage;
				CODE_SIGN_IDENTITY = "iPhone Developer";
				"CODE_SIGN_IDENTITY[sdk=iphoneos*]" = "iPhone Distribution: Jason Garrett (F89HU4XKQS)";
				GCC_PRECOMPILE_PREFIX_HEADER = YES;
				GCC_PREFIX_HEADER = "ynnuS/ynnuS-Prefix.pch";
				INFOPLIST_FILE = "ynnuS/ynnuS-Info.plist";
				PRODUCT_NAME = "$(TARGET_NAME)";
				PROVISIONING_PROFILE = "6F81084D-EBE6-41E5-9882-6E53A8949634";
				WRAPPER_EXTENSION = app;
			};
			name = Release;
		};
		463028E51889EF4B00C520B9 /* Debug */ = {
			isa = XCBuildConfiguration;
			buildSettings = {
				ARCHS = "$(ARCHS_STANDARD_INCLUDING_64_BIT)";
				BUNDLE_LOADER = "$(BUILT_PRODUCTS_DIR)/ynnuS.app/ynnuS";
				FRAMEWORK_SEARCH_PATHS = (
					"$(SDKROOT)/Developer/Library/Frameworks",
					"$(inherited)",
					"$(DEVELOPER_FRAMEWORKS_DIR)",
				);
				GCC_PRECOMPILE_PREFIX_HEADER = YES;
				GCC_PREFIX_HEADER = "ynnuS/ynnuS-Prefix.pch";
				GCC_PREPROCESSOR_DEFINITIONS = (
					"DEBUG=1",
					"$(inherited)",
				);
				INFOPLIST_FILE = "ynnuSTests/ynnuSTests-Info.plist";
				PRODUCT_NAME = "$(TARGET_NAME)";
				TEST_HOST = "$(BUNDLE_LOADER)";
				WRAPPER_EXTENSION = xctest;
			};
			name = Debug;
		};
		463028E61889EF4B00C520B9 /* Release */ = {
			isa = XCBuildConfiguration;
			buildSettings = {
				ARCHS = "$(ARCHS_STANDARD_INCLUDING_64_BIT)";
				BUNDLE_LOADER = "$(BUILT_PRODUCTS_DIR)/ynnuS.app/ynnuS";
				FRAMEWORK_SEARCH_PATHS = (
					"$(SDKROOT)/Developer/Library/Frameworks",
					"$(inherited)",
					"$(DEVELOPER_FRAMEWORKS_DIR)",
				);
				GCC_PRECOMPILE_PREFIX_HEADER = YES;
				GCC_PREFIX_HEADER = "ynnuS/ynnuS-Prefix.pch";
				INFOPLIST_FILE = "ynnuSTests/ynnuSTests-Info.plist";
				PRODUCT_NAME = "$(TARGET_NAME)";
				TEST_HOST = "$(BUNDLE_LOADER)";
				WRAPPER_EXTENSION = xctest;
			};
			name = Release;
		};
/* End XCBuildConfiguration section */

/* Begin XCConfigurationList section */
		463028AA1889EF4B00C520B9 /* Build configuration list for PBXProject "ynnuS" */ = {
			isa = XCConfigurationList;
			buildConfigurations = (
				463028DF1889EF4B00C520B9 /* Debug */,
				463028E01889EF4B00C520B9 /* Release */,
			);
			defaultConfigurationIsVisible = 0;
			defaultConfigurationName = Release;
		};
		463028E11889EF4B00C520B9 /* Build configuration list for PBXNativeTarget "ynnuS" */ = {
			isa = XCConfigurationList;
			buildConfigurations = (
				463028E21889EF4B00C520B9 /* Debug */,
				463028E31889EF4B00C520B9 /* Release */,
			);
			defaultConfigurationIsVisible = 0;
			defaultConfigurationName = Release;
		};
		463028E41889EF4B00C520B9 /* Build configuration list for PBXNativeTarget "ynnuSTests" */ = {
			isa = XCConfigurationList;
			buildConfigurations = (
				463028E51889EF4B00C520B9 /* Debug */,
				463028E61889EF4B00C520B9 /* Release */,
			);
			defaultConfigurationIsVisible = 0;
			defaultConfigurationName = Release;
		};
/* End XCConfigurationList section */

/* Begin XCVersionGroup section */
		463028C61889EF4B00C520B9 /* ynnuS.xcdatamodeld */ = {
			isa = XCVersionGroup;
			children = (
				469F6AC7189203D6007866B7 /* ynnuS 1.1.xcdatamodel */,
				463028C71889EF4B00C520B9 /* ynnuS.xcdatamodel */,
			);
			currentVersion = 463028C71889EF4B00C520B9 /* ynnuS.xcdatamodel */;
			path = ynnuS.xcdatamodeld;
			sourceTree = "<group>";
			versionGroupType = wrapper.xcdatamodel;
		};
/* End XCVersionGroup section */
	};
	rootObject = 463028A71889EF4B00C520B9 /* Project object */;
}
